
Microsoft Visual Studio Solution File, Format Version 12.00
# Visual Studio Version 16
VisualStudioVersion = 16.0.29806.167
MinimumVisualStudioVersion = 10.0.40219.1
Project("{FAE04EC0-301F-11D3-BF4B-00C04F79EFBC}") = "ftx", "ftx\ftx.csproj", "{6FC749DA-77F3-4D99-A9FA-067790FD203E}"
EndProject
Project("{2150E333-8FDC-42A3-9474-1A3956D46DE8}") = "docs", "docs", "{1B66AAA7-E41E-4BA8-9F14-07909DF85CD4}"
	ProjectSection(SolutionItems) = preProject
		..\LICENSE = ..\LICENSE
		..\README.md = ..\README.md
	EndProjectSection
EndProject
Global
	GlobalSection(SolutionConfigurationPlatforms) = preSolution
		Debug|Any CPU = Debug|Any CPU
		Release|Any CPU = Release|Any CPU
	EndGlobalSection
	GlobalSection(ProjectConfigurationPlatforms) = postSolution
		{6FC749DA-77F3-4D99-A9FA-067790FD203E}.Debug|Any CPU.ActiveCfg = Debug|Any CPU
		{6FC749DA-77F3-4D99-A9FA-067790FD203E}.Debug|Any CPU.Build.0 = Debug|Any CPU
		{6FC749DA-77F3-4D99-A9FA-067790FD203E}.Release|Any CPU.ActiveCfg = Release|Any CPU
		{6FC749DA-77F3-4D99-A9FA-067790FD203E}.Release|Any CPU.Build.0 = Release|Any CPU
	EndGlobalSection
	GlobalSection(SolutionProperties) = preSolution
		HideSolutionNode = FALSE
	EndGlobalSection
	GlobalSection(ExtensibilityGlobals) = postSolution
		SolutionGuid = {50972551-89FC-44B6-940A-4DC0DFEDC265}
	EndGlobalSection
EndGlobal
